// !$*UTF8*$!
{
	archiveVersion = 1;
	classes = {
	};
	objectVersion = 56;
	objects = {

/* Begin PBXBuildFile section */
		EA1217472CAA7DFC0093576B /* TextField Extension.swift in Sources */ = {isa = PBXBuildFile; fileRef = EA1217462CAA7DFC0093576B /* TextField Extension.swift */; };
		EA12174B2CB69FCB0093576B /* KeychainSwift in Frameworks */ = {isa = PBXBuildFile; productRef = EA12174A2CB69FCB0093576B /* KeychainSwift */; };
		EA1217582CB6A4ED0093576B /* Store.swift in Sources */ = {isa = PBXBuildFile; fileRef = EA1217572CB6A4ED0093576B /* Store.swift */; };
		EA12175C2CC057F70093576B /* ChangePasswordViewController.swift in Sources */ = {isa = PBXBuildFile; fileRef = EA12175B2CC057F70093576B /* ChangePasswordViewController.swift */; };
		EA40C43D2C6A8CB90073D8FA /* SettingsViewController.swift in Sources */ = {isa = PBXBuildFile; fileRef = EA40C43C2C6A8CB90073D8FA /* SettingsViewController.swift */; };
		EA54078C2BF385EA00B535A6 /* AppDelegate.swift in Sources */ = {isa = PBXBuildFile; fileRef = EA54078B2BF385EA00B535A6 /* AppDelegate.swift */; };
		EA54078E2BF385EA00B535A6 /* SceneDelegate.swift in Sources */ = {isa = PBXBuildFile; fileRef = EA54078D2BF385EA00B535A6 /* SceneDelegate.swift */; };
		EA5407902BF385EA00B535A6 /* FileManagerService.swift in Sources */ = {isa = PBXBuildFile; fileRef = EA54078F2BF385EA00B535A6 /* FileManagerService.swift */; };
		EA5407952BF385EC00B535A6 /* Assets.xcassets in Resources */ = {isa = PBXBuildFile; fileRef = EA5407942BF385EC00B535A6 /* Assets.xcassets */; };
		EA5407982BF385EC00B535A6 /* Base in Resources */ = {isa = PBXBuildFile; fileRef = EA5407972BF385EC00B535A6 /* Base */; };
		EA5407A52BF3897100B535A6 /* DocumentsViewController.swift in Sources */ = {isa = PBXBuildFile; fileRef = EA5407A42BF3897100B535A6 /* DocumentsViewController.swift */; };
		EA5407AF2C00C35300B535A6 /* ImagePresentController.swift in Sources */ = {isa = PBXBuildFile; fileRef = EA5407AE2C00C35300B535A6 /* ImagePresentController.swift */; };
		EA5407B12C1F5B8200B535A6 /* PasswordViewController.swift in Sources */ = {isa = PBXBuildFile; fileRef = EA5407B02C1F5B8100B535A6 /* PasswordViewController.swift */; };
/* End PBXBuildFile section */

/* Begin PBXFileReference section */
		EA1217462CAA7DFC0093576B /* TextField Extension.swift */ = {isa = PBXFileReference; lastKnownFileType = sourcecode.swift; path = "TextField Extension.swift"; sourceTree = "<group>"; };
		EA1217572CB6A4ED0093576B /* Store.swift */ = {isa = PBXFileReference; lastKnownFileType = sourcecode.swift; path = Store.swift; sourceTree = "<group>"; };
		EA12175B2CC057F70093576B /* ChangePasswordViewController.swift */ = {isa = PBXFileReference; lastKnownFileType = sourcecode.swift; path = ChangePasswordViewController.swift; sourceTree = "<group>"; };
		EA40C43C2C6A8CB90073D8FA /* SettingsViewController.swift */ = {isa = PBXFileReference; lastKnownFileType = sourcecode.swift; path = SettingsViewController.swift; sourceTree = "<group>"; };
		EA5407882BF385EA00B535A6 /* Documents.app */ = {isa = PBXFileReference; explicitFileType = wrapper.application; includeInIndex = 0; path = Documents.app; sourceTree = BUILT_PRODUCTS_DIR; };
		EA54078B2BF385EA00B535A6 /* AppDelegate.swift */ = {isa = PBXFileReference; lastKnownFileType = sourcecode.swift; path = AppDelegate.swift; sourceTree = "<group>"; };
		EA54078D2BF385EA00B535A6 /* SceneDelegate.swift */ = {isa = PBXFileReference; lastKnownFileType = sourcecode.swift; path = SceneDelegate.swift; sourceTree = "<group>"; };
		EA54078F2BF385EA00B535A6 /* FileManagerService.swift */ = {isa = PBXFileReference; lastKnownFileType = sourcecode.swift; path = FileManagerService.swift; sourceTree = "<group>"; };
		EA5407942BF385EC00B535A6 /* Assets.xcassets */ = {isa = PBXFileReference; lastKnownFileType = folder.assetcatalog; path = Assets.xcassets; sourceTree = "<group>"; };
		EA5407972BF385EC00B535A6 /* Base */ = {isa = PBXFileReference; lastKnownFileType = file.storyboard; name = Base; path = Base.lproj/LaunchScreen.storyboard; sourceTree = "<group>"; };
		EA5407992BF385EC00B535A6 /* Info.plist */ = {isa = PBXFileReference; lastKnownFileType = text.plist.xml; path = Info.plist; sourceTree = "<group>"; };
		EA5407A42BF3897100B535A6 /* DocumentsViewController.swift */ = {isa = PBXFileReference; lastKnownFileType = sourcecode.swift; path = DocumentsViewController.swift; sourceTree = "<group>"; };
		EA5407AE2C00C35300B535A6 /* ImagePresentController.swift */ = {isa = PBXFileReference; lastKnownFileType = sourcecode.swift; path = ImagePresentController.swift; sourceTree = "<group>"; };
		EA5407B02C1F5B8100B535A6 /* PasswordViewController.swift */ = {isa = PBXFileReference; lastKnownFileType = sourcecode.swift; path = PasswordViewController.swift; sourceTree = "<group>"; };
/* End PBXFileReference section */

/* Begin PBXFrameworksBuildPhase section */
		EA5407852BF385EA00B535A6 /* Frameworks */ = {
			isa = PBXFrameworksBuildPhase;
			buildActionMask = 2147483647;
			files = (
				EA12174B2CB69FCB0093576B /* KeychainSwift in Frameworks */,
			);
			runOnlyForDeploymentPostprocessing = 0;
		};
/* End PBXFrameworksBuildPhase section */

/* Begin PBXGroup section */
		EA1217482CAA7F150093576B /* Extensions */ = {
			isa = PBXGroup;
			children = (
				EA1217462CAA7DFC0093576B /* TextField Extension.swift */,
			);
			path = Extensions;
			sourceTree = "<group>";
		};
		EA1217542CB6A0B20093576B /* PasswordViewController */ = {
			isa = PBXGroup;
			children = (
				EA5407B02C1F5B8100B535A6 /* PasswordViewController.swift */,
				EA12175B2CC057F70093576B /* ChangePasswordViewController.swift */,
			);
			path = PasswordViewController;
			sourceTree = "<group>";
		};
		EA54077F2BF385EA00B535A6 = {
			isa = PBXGroup;
			children = (
				EA54078A2BF385EA00B535A6 /* Documents */,
				EA5407892BF385EA00B535A6 /* Products */,
			);
			sourceTree = "<group>";
		};
		EA5407892BF385EA00B535A6 /* Products */ = {
			isa = PBXGroup;
			children = (
				EA5407882BF385EA00B535A6 /* Documents.app */,
			);
			name = Products;
			sourceTree = "<group>";
		};
		EA54078A2BF385EA00B535A6 /* Documents */ = {
			isa = PBXGroup;
			children = (
				EA5407A32BF386A000B535A6 /* Resources */,
				EA5407A62BF7531900B535A6 /* ViewControllers */,
				EA1217482CAA7F150093576B /* Extensions */,
				EA5407A72BF7532B00B535A6 /* Services */,
				EA5407942BF385EC00B535A6 /* Assets.xcassets */,
				EA5407962BF385EC00B535A6 /* LaunchScreen.storyboard */,
				EA5407992BF385EC00B535A6 /* Info.plist */,
			);
			path = Documents;
			sourceTree = "<group>";
		};
		EA5407A32BF386A000B535A6 /* Resources */ = {
			isa = PBXGroup;
			children = (
				EA54078B2BF385EA00B535A6 /* AppDelegate.swift */,
				EA54078D2BF385EA00B535A6 /* SceneDelegate.swift */,
			);
			path = Resources;
			sourceTree = "<group>";
		};
		EA5407A62BF7531900B535A6 /* ViewControllers */ = {
			isa = PBXGroup;
			children = (
				EA1217542CB6A0B20093576B /* PasswordViewController */,
				EA5407A42BF3897100B535A6 /* DocumentsViewController.swift */,
				EA40C43C2C6A8CB90073D8FA /* SettingsViewController.swift */,
				EA5407AE2C00C35300B535A6 /* ImagePresentController.swift */,
			);
			path = ViewControllers;
			sourceTree = "<group>";
		};
		EA5407A72BF7532B00B535A6 /* Services */ = {
			isa = PBXGroup;
			children = (
				EA54078F2BF385EA00B535A6 /* FileManagerService.swift */,
				EA1217572CB6A4ED0093576B /* Store.swift */,
			);
			path = Services;
			sourceTree = "<group>";
		};
/* End PBXGroup section */

/* Begin PBXNativeTarget section */
		EA5407872BF385EA00B535A6 /* Documents */ = {
			isa = PBXNativeTarget;
			buildConfigurationList = EA54079C2BF385EC00B535A6 /* Build configuration list for PBXNativeTarget "Documents" */;
			buildPhases = (
				EA5407842BF385EA00B535A6 /* Sources */,
				EA5407852BF385EA00B535A6 /* Frameworks */,
				EA5407862BF385EA00B535A6 /* Resources */,
			);
			buildRules = (
			);
			dependencies = (
			);
			name = Documents;
			packageProductDependencies = (
				EA12174A2CB69FCB0093576B /* KeychainSwift */,
			);
			productName = Documents;
			productReference = EA5407882BF385EA00B535A6 /* Documents.app */;
			productType = "com.apple.product-type.application";
		};
/* End PBXNativeTarget section */

/* Begin PBXProject section */
		EA5407802BF385EA00B535A6 /* Project object */ = {
			isa = PBXProject;
			attributes = {
				BuildIndependentTargetsInParallel = 1;
				LastSwiftUpdateCheck = 1530;
				LastUpgradeCheck = 1530;
				TargetAttributes = {
					EA5407872BF385EA00B535A6 = {
						CreatedOnToolsVersion = 15.3;
					};
				};
			};
			buildConfigurationList = EA5407832BF385EA00B535A6 /* Build configuration list for PBXProject "Documents" */;
			compatibilityVersion = "Xcode 14.0";
			developmentRegion = en;
			hasScannedForEncodings = 0;
			knownRegions = (
				en,
				Base,
			);
			mainGroup = EA54077F2BF385EA00B535A6;
			packageReferences = (
				EA1217492CB69FCB0093576B /* XCRemoteSwiftPackageReference "keychain-swift" */,
			);
			productRefGroup = EA5407892BF385EA00B535A6 /* Products */;
			projectDirPath = "";
			projectRoot = "";
			targets = (
				EA5407872BF385EA00B535A6 /* Documents */,
			);
		};
/* End PBXProject section */

/* Begin PBXResourcesBuildPhase section */
		EA5407862BF385EA00B535A6 /* Resources */ = {
			isa = PBXResourcesBuildPhase;
			buildActionMask = 2147483647;
			files = (
				EA5407952BF385EC00B535A6 /* Assets.xcassets in Resources */,
				EA5407982BF385EC00B535A6 /* Base in Resources */,
			);
			runOnlyForDeploymentPostprocessing = 0;
		};
/* End PBXResourcesBuildPhase section */

/* Begin PBXSourcesBuildPhase section */
		EA5407842BF385EA00B535A6 /* Sources */ = {
			isa = PBXSourcesBuildPhase;
			buildActionMask = 2147483647;
			files = (
				EA5407902BF385EA00B535A6 /* FileManagerService.swift in Sources */,
				EA5407A52BF3897100B535A6 /* DocumentsViewController.swift in Sources */,
				EA40C43D2C6A8CB90073D8FA /* SettingsViewController.swift in Sources */,
				EA12175C2CC057F70093576B /* ChangePasswordViewController.swift in Sources */,
				EA1217472CAA7DFC0093576B /* TextField Extension.swift in Sources */,
				EA1217582CB6A4ED0093576B /* Store.swift in Sources */,
				EA54078C2BF385EA00B535A6 /* AppDelegate.swift in Sources */,
				EA54078E2BF385EA00B535A6 /* SceneDelegate.swift in Sources */,
				EA5407AF2C00C35300B535A6 /* ImagePresentController.swift in Sources */,
				EA5407B12C1F5B8200B535A6 /* PasswordViewController.swift in Sources */,
			);
			runOnlyForDeploymentPostprocessing = 0;
		};
/* End PBXSourcesBuildPhase section */

/* Begin PBXVariantGroup section */
		EA5407962BF385EC00B535A6 /* LaunchScreen.storyboard */ = {
			isa = PBXVariantGroup;
			children = (
				EA5407972BF385EC00B535A6 /* Base */,
			);
			name = LaunchScreen.storyboard;
			sourceTree = "<group>";
		};
/* End PBXVariantGroup section */

/* Begin XCBuildConfiguration section */
		EA54079A2BF385EC00B535A6 /* Debug */ = {
			isa = XCBuildConfiguration;
			buildSettings = {
				ALWAYS_SEARCH_USER_PATHS = NO;
				ASSETCATALOG_COMPILER_GENERATE_SWIFT_ASSET_SYMBOL_EXTENSIONS = YES;
				CLANG_ANALYZER_NONNULL = YES;
				CLANG_ANALYZER_NUMBER_OBJECT_CONVERSION = YES_AGGRESSIVE;
				CLANG_CXX_LANGUAGE_STANDARD = "gnu++20";
				CLANG_ENABLE_MODULES = YES;
				CLANG_ENABLE_OBJC_ARC = YES;
				CLANG_ENABLE_OBJC_WEAK = YES;
				CLANG_WARN_BLOCK_CAPTURE_AUTORELEASING = YES;
				CLANG_WARN_BOOL_CONVERSION = YES;
				CLANG_WARN_COMMA = YES;
				CLANG_WARN_CONSTANT_CONVERSION = YES;
				CLANG_WARN_DEPRECATED_OBJC_IMPLEMENTATIONS = YES;
				CLANG_WARN_DIRECT_OBJC_ISA_USAGE = YES_ERROR;
				CLANG_WARN_DOCUMENTATION_COMMENTS = YES;
				CLANG_WARN_EMPTY_BODY = YES;
				CLANG_WARN_ENUM_CONVERSION = YES;
				CLANG_WARN_INFINITE_RECURSION = YES;
				CLANG_WARN_INT_CONVERSION = YES;
				CLANG_WARN_NON_LITERAL_NULL_CONVERSION = YES;
				CLANG_WARN_OBJC_IMPLICIT_RETAIN_SELF = YES;
				CLANG_WARN_OBJC_LITERAL_CONVERSION = YES;
				CLANG_WARN_OBJC_ROOT_CLASS = YES_ERROR;
				CLANG_WARN_QUOTED_INCLUDE_IN_FRAMEWORK_HEADER = YES;
				CLANG_WARN_RANGE_LOOP_ANALYSIS = YES;
				CLANG_WARN_STRICT_PROTOTYPES = YES;
				CLANG_WARN_SUSPICIOUS_MOVE = YES;
				CLANG_WARN_UNGUARDED_AVAILABILITY = YES_AGGRESSIVE;
				CLANG_WARN_UNREACHABLE_CODE = YES;
				CLANG_WARN__DUPLICATE_METHOD_MATCH = YES;
				COPY_PHASE_STRIP = NO;
				DEBUG_INFORMATION_FORMAT = dwarf;
				ENABLE_STRICT_OBJC_MSGSEND = YES;
				ENABLE_TESTABILITY = YES;
				ENABLE_USER_SCRIPT_SANDBOXING = YES;
				GCC_C_LANGUAGE_STANDARD = gnu17;
				GCC_DYNAMIC_NO_PIC = NO;
				GCC_NO_COMMON_BLOCKS = YES;
				GCC_OPTIMIZATION_LEVEL = 0;
				GCC_PREPROCESSOR_DEFINITIONS = (
					"DEBUG=1",
					"$(inherited)",
				);
				GCC_WARN_64_TO_32_BIT_CONVERSION = YES;
				GCC_WARN_ABOUT_RETURN_TYPE = YES_ERROR;
				GCC_WARN_UNDECLARED_SELECTOR = YES;
				GCC_WARN_UNINITIALIZED_AUTOS = YES_AGGRESSIVE;
				GCC_WARN_UNUSED_FUNCTION = YES;
				GCC_WARN_UNUSED_VARIABLE = YES;
				IPHONEOS_DEPLOYMENT_TARGET = 17.4;
				LOCALIZATION_PREFERS_STRING_CATALOGS = YES;
				MTL_ENABLE_DEBUG_INFO = INCLUDE_SOURCE;
				MTL_FAST_MATH = YES;
				ONLY_ACTIVE_ARCH = YES;
				SDKROOT = iphoneos;
				SWIFT_ACTIVE_COMPILATION_CONDITIONS = "DEBUG $(inherited)";
				SWIFT_OPTIMIZATION_LEVEL = "-Onone";
			};
			name = Debug;
		};
		EA54079B2BF385EC00B535A6 /* Release */ = {
			isa = XCBuildConfiguration;
			buildSettings = {
				ALWAYS_SEARCH_USER_PATHS = NO;
				ASSETCATALOG_COMPILER_GENERATE_SWIFT_ASSET_SYMBOL_EXTENSIONS = YES;
				CLANG_ANALYZER_NONNULL = YES;
				CLANG_ANALYZER_NUMBER_OBJECT_CONVERSION = YES_AGGRESSIVE;
				CLANG_CXX_LANGUAGE_STANDARD = "gnu++20";
				CLANG_ENABLE_MODULES = YES;
				CLANG_ENABLE_OBJC_ARC = YES;
				CLANG_ENABLE_OBJC_WEAK = YES;
				CLANG_WARN_BLOCK_CAPTURE_AUTORELEASING = YES;
				CLANG_WARN_BOOL_CONVERSION = YES;
				CLANG_WARN_COMMA = YES;
				CLANG_WARN_CONSTANT_CONVERSION = YES;
				CLANG_WARN_DEPRECATED_OBJC_IMPLEMENTATIONS = YES;
				CLANG_WARN_DIRECT_OBJC_ISA_USAGE = YES_ERROR;
				CLANG_WARN_DOCUMENTATION_COMMENTS = YES;
				CLANG_WARN_EMPTY_BODY = YES;
				CLANG_WARN_ENUM_CONVERSION = YES;
				CLANG_WARN_INFINITE_RECURSION = YES;
				CLANG_WARN_INT_CONVERSION = YES;
				CLANG_WARN_NON_LITERAL_NULL_CONVERSION = YES;
				CLANG_WARN_OBJC_IMPLICIT_RETAIN_SELF = YES;
				CLANG_WARN_OBJC_LITERAL_CONVERSION = YES;
				CLANG_WARN_OBJC_ROOT_CLASS = YES_ERROR;
				CLANG_WARN_QUOTED_INCLUDE_IN_FRAMEWORK_HEADER = YES;
				CLANG_WARN_RANGE_LOOP_ANALYSIS = YES;
				CLANG_WARN_STRICT_PROTOTYPES = YES;
				CLANG_WARN_SUSPICIOUS_MOVE = YES;
				CLANG_WARN_UNGUARDED_AVAILABILITY = YES_AGGRESSIVE;
				CLANG_WARN_UNREACHABLE_CODE = YES;
				CLANG_WARN__DUPLICATE_METHOD_MATCH = YES;
				COPY_PHASE_STRIP = NO;
				DEBUG_INFORMATION_FORMAT = "dwarf-with-dsym";
				ENABLE_NS_ASSERTIONS = NO;
				ENABLE_STRICT_OBJC_MSGSEND = YES;
				ENABLE_USER_SCRIPT_SANDBOXING = YES;
				GCC_C_LANGUAGE_STANDARD = gnu17;
				GCC_NO_COMMON_BLOCKS = YES;
				GCC_WARN_64_TO_32_BIT_CONVERSION = YES;
				GCC_WARN_ABOUT_RETURN_TYPE = YES_ERROR;
				GCC_WARN_UNDECLARED_SELECTOR = YES;
				GCC_WARN_UNINITIALIZED_AUTOS = YES_AGGRESSIVE;
				GCC_WARN_UNUSED_FUNCTION = YES;
				GCC_WARN_UNUSED_VARIABLE = YES;
				IPHONEOS_DEPLOYMENT_TARGET = 17.4;
				LOCALIZATION_PREFERS_STRING_CATALOGS = YES;
				MTL_ENABLE_DEBUG_INFO = NO;
				MTL_FAST_MATH = YES;
				SDKROOT = iphoneos;
				SWIFT_COMPILATION_MODE = wholemodule;
				VALIDATE_PRODUCT = YES;
			};
			name = Release;
		};
		EA54079D2BF385EC00B535A6 /* Debug */ = {
			isa = XCBuildConfiguration;
			buildSettings = {
				ASSETCATALOG_COMPILER_APPICON_NAME = AppIcon;
				ASSETCATALOG_COMPILER_GLOBAL_ACCENT_COLOR_NAME = AccentColor;
				CODE_SIGN_STYLE = Automatic;
				CURRENT_PROJECT_VERSION = 1;
				DEVELOPMENT_TEAM = AW955WS254;
				GENERATE_INFOPLIST_FILE = YES;
				INFOPLIST_FILE = Documents/Info.plist;
				INFOPLIST_KEY_UIApplicationSupportsIndirectInputEvents = YES;
				INFOPLIST_KEY_UILaunchStoryboardName = LaunchScreen;
				INFOPLIST_KEY_UISupportedInterfaceOrientations_iPad = "UIInterfaceOrientationPortrait UIInterfaceOrientationPortraitUpsideDown UIInterfaceOrientationLandscapeLeft UIInterfaceOrientationLandscapeRight";
				INFOPLIST_KEY_UISupportedInterfaceOrientations_iPhone = "UIInterfaceOrientationPortrait UIInterfaceOrientationLandscapeLeft UIInterfaceOrientationLandscapeRight";
				LD_RUNPATH_SEARCH_PATHS = (
					"$(inherited)",
					"@executable_path/Frameworks",
				);
				MARKETING_VERSION = 1.0;
				PRODUCT_BUNDLE_IDENTIFIER = com.Documents.Documents;
				PRODUCT_NAME = "$(TARGET_NAME)";
				SWIFT_EMIT_LOC_STRINGS = YES;
				SWIFT_VERSION = 5.0;
				TARGETED_DEVICE_FAMILY = "1,2";
			};
			name = Debug;
		};
		EA54079E2BF385EC00B535A6 /* Release */ = {
			isa = XCBuildConfiguration;
			buildSettings = {
				ASSETCATALOG_COMPILER_APPICON_NAME = AppIcon;
				ASSETCATALOG_COMPILER_GLOBAL_ACCENT_COLOR_NAME = AccentColor;
				CODE_SIGN_STYLE = Automatic;
				CURRENT_PROJECT_VERSION = 1;
				DEVELOPMENT_TEAM = AW955WS254;
				GENERATE_INFOPLIST_FILE = YES;
				INFOPLIST_FILE = Documents/Info.plist;
				INFOPLIST_KEY_UIApplicationSupportsIndirectInputEvents = YES;
				INFOPLIST_KEY_UILaunchStoryboardName = LaunchScreen;
				INFOPLIST_KEY_UISupportedInterfaceOrientations_iPad = "UIInterfaceOrientationPortrait UIInterfaceOrientationPortraitUpsideDown UIInterfaceOrientationLandscapeLeft UIInterfaceOrientationLandscapeRight";
				INFOPLIST_KEY_UISupportedInterfaceOrientations_iPhone = "UIInterfaceOrientationPortrait UIInterfaceOrientationLandscapeLeft UIInterfaceOrientationLandscapeRight";
				LD_RUNPATH_SEARCH_PATHS = (
					"$(inherited)",
					"@executable_path/Frameworks",
				);
				MARKETING_VERSION = 1.0;
				PRODUCT_BUNDLE_IDENTIFIER = com.Documents.Documents;
				PRODUCT_NAME = "$(TARGET_NAME)";
				SWIFT_EMIT_LOC_STRINGS = YES;
				SWIFT_VERSION = 5.0;
				TARGETED_DEVICE_FAMILY = "1,2";
			};
			name = Release;
		};
/* End XCBuildConfiguration section */

/* Begin XCConfigurationList section */
		EA5407832BF385EA00B535A6 /* Build configuration list for PBXProject "Documents" */ = {
			isa = XCConfigurationList;
			buildConfigurations = (
				EA54079A2BF385EC00B535A6 /* Debug */,
				EA54079B2BF385EC00B535A6 /* Release */,
			);
			defaultConfigurationIsVisible = 0;
			defaultConfigurationName = Release;
		};
		EA54079C2BF385EC00B535A6 /* Build configuration list for PBXNativeTarget "Documents" */ = {
			isa = XCConfigurationList;
			buildConfigurations = (
				EA54079D2BF385EC00B535A6 /* Debug */,
				EA54079E2BF385EC00B535A6 /* Release */,
			);
			defaultConfigurationIsVisible = 0;
			defaultConfigurationName = Release;
		};
/* End XCConfigurationList section */

/* Begin XCRemoteSwiftPackageReference section */
		EA1217492CB69FCB0093576B /* XCRemoteSwiftPackageReference "keychain-swift" */ = {
			isa = XCRemoteSwiftPackageReference;
			repositoryURL = "https://github.com/evgenyneu/keychain-swift";
			requirement = {
				kind = upToNextMajorVersion;
				minimumVersion = 24.0.0;
			};
		};
/* End XCRemoteSwiftPackageReference section */

/* Begin XCSwiftPackageProductDependency section */
		EA12174A2CB69FCB0093576B /* KeychainSwift */ = {
			isa = XCSwiftPackageProductDependency;
			package = EA1217492CB69FCB0093576B /* XCRemoteSwiftPackageReference "keychain-swift" */;
			productName = KeychainSwift;
		};
/* End XCSwiftPackageProductDependency section */
	};
	rootObject = EA5407802BF385EA00B535A6 /* Project object */;
}
